Microsoft Visual Studio Solution File, Format Version 11.00
# Visual Studio 2008

Project("{F74FAD59-6DF9-E59F-B393-54A11C2C7B1E}") = "EJKbyRossil", "Assembly-CSharp-firstpass.csproj", "{C82B524D-1844-5EA2-385F-0B55AEE5EA0C}"
EndProject
Project("{F74FAD59-6DF9-E59F-B393-54A11C2C7B1E}") = "EJKbyRossil", "Assembly-CSharp-Editor-firstpass.csproj", "{D47791C7-77CF-34D7-253C-D3C6FBD90EED}"
EndProject
Global
	GlobalSection(SolutionConfigurationPlatforms) = preSolution
		Debug|Any CPU = Debug|Any CPU
		Release|Any CPU = Release|Any CPU
	EndGlobalSection
	GlobalSection(ProjectConfigurationPlatforms) = postSolution
		{C82B524D-1844-5EA2-385F-0B55AEE5EA0C}.Debug|Any CPU.ActiveCfg = Debug|Any CPU
		{C82B524D-1844-5EA2-385F-0B55AEE5EA0C}.Debug|Any CPU.Build.0 = Debug|Any CPU
		{C82B524D-1844-5EA2-385F-0B55AEE5EA0C}.Release|Any CPU.ActiveCfg = Release|Any CPU
		{C82B524D-1844-5EA2-385F-0B55AEE5EA0C}.Release|Any CPU.Build.0 = Release|Any CPU
		{D47791C7-77CF-34D7-253C-D3C6FBD90EED}.Debug|Any CPU.ActiveCfg = Debug|Any CPU
		{D47791C7-77CF-34D7-253C-D3C6FBD90EED}.Debug|Any CPU.Build.0 = Debug|Any CPU
		{D47791C7-77CF-34D7-253C-D3C6FBD90EED}.Release|Any CPU.ActiveCfg = Release|Any CPU
		{D47791C7-77CF-34D7-253C-D3C6FBD90EED}.Release|Any CPU.Build.0 = Release|Any CPU
	EndGlobalSection
	GlobalSection(SolutionProperties) = preSolution
		HideSolutionNode = FALSE
	EndGlobalSection
	GlobalSection(MonoDevelopProperties) = preSolution
		StartupItem = Assembly-CSharp.csproj
	EndGlobalSection
EndGlobal
